<?xml version="1.0" encoding="utf-8"?>
<Project ToolsVersion="4.0" xmlns="http://schemas.microsoft.com/developer/msbuild/2003">

  <!-- 筛选器定义 -->
  <ItemGroup>
    <Filter Include="ipc">
      <UniqueIdentifier>{c2d3e4f5-0001-0001-0001-000000000001}</UniqueIdentifier>
    </Filter>
    <Filter Include="ui">
      <UniqueIdentifier>{c2d3e4f5-0002-0002-0002-000000000002}</UniqueIdentifier>
    </Filter>
    <Filter Include="vmp">
      <UniqueIdentifier>{c2d3e4f5-0006-0006-0006-000000000006}</UniqueIdentifier>
    </Filter>
    <Filter Include="deps">
      <UniqueIdentifier>{c2d3e4f5-0003-0003-0003-000000000003}</UniqueIdentifier>
    </Filter>
    <Filter Include="deps\imgui">
      <UniqueIdentifier>{c2d3e4f5-0004-0004-0004-000000000004}</UniqueIdentifier>
    </Filter>
    <Filter Include="deps\imgui\backends">
      <UniqueIdentifier>{c2d3e4f5-0005-0005-0005-000000000005}</UniqueIdentifier>
    </Filter>
  </ItemGroup>

  <!-- .cpp 文件 -->
  <ItemGroup>
    <ClCompile Include="src\main.cpp" />

    <ClCompile Include="src\ipc\ipc_client.cpp">
      <Filter>ipc</Filter>
    </ClCompile>

    <ClCompile Include="src\ui\ui_main.cpp">
      <Filter>ui</Filter>
    </ClCompile>
    <ClCompile Include="src\ui\ui_deobf.cpp">
      <Filter>ui</Filter>
    </ClCompile>
    <ClCompile Include="src\ui\ui_debug.cpp">
      <Filter>ui</Filter>
    </ClCompile>
    <ClCompile Include="src\ui\ui_vmp.cpp">
      <Filter>ui</Filter>
    </ClCompile>

    <ClCompile Include="src\vmp\vmp_analyzer.cpp">
      <Filter>vmp</Filter>
    </ClCompile>
    <ClCompile Include="src\vmp\vmp_dead.cpp">
      <Filter>vmp</Filter>
    </ClCompile>
    <ClCompile Include="src\vmp\vmp_dump.cpp">
      <Filter>vmp</Filter>
    </ClCompile>
    <ClCompile Include="src\vmp\vmp_classifier.cpp">
      <Filter>vmp</Filter>
    </ClCompile>
    <ClCompile Include="src\vmp\vmp_annotate.cpp">
      <Filter>vmp</Filter>
    </ClCompile>
    <ClCompile Include="src\vmp\vmp_lua.cpp">
      <Filter>vmp</Filter>
    </ClCompile>

    <ClCompile Include="deps\imgui\imgui.cpp">
      <Filter>deps\imgui</Filter>
    </ClCompile>
    <ClCompile Include="deps\imgui\imgui_demo.cpp">
      <Filter>deps\imgui</Filter>
    </ClCompile>
    <ClCompile Include="deps\imgui\imgui_draw.cpp">
      <Filter>deps\imgui</Filter>
    </ClCompile>
    <ClCompile Include="deps\imgui\imgui_tables.cpp">
      <Filter>deps\imgui</Filter>
    </ClCompile>
    <ClCompile Include="deps\imgui\imgui_widgets.cpp">
      <Filter>deps\imgui</Filter>
    </ClCompile>

    <ClCompile Include="deps\imgui\backends\imgui_impl_win32.cpp">
      <Filter>deps\imgui\backends</Filter>
    </ClCompile>
    <ClCompile Include="deps\imgui\backends\imgui_impl_dx11.cpp">
      <Filter>deps\imgui\backends</Filter>
    </ClCompile>
  </ItemGroup>

  <!-- .h 文件 -->
  <ItemGroup>
    <ClInclude Include="src\ipc\ipc_client.h">
      <Filter>ipc</Filter>
    </ClInclude>

    <ClInclude Include="src\ui\ui_main.h">
      <Filter>ui</Filter>
    </ClInclude>

    <ClInclude Include="src\vmp\vmp_analyzer.h">
      <Filter>vmp</Filter>
    </ClInclude>
    <ClInclude Include="src\vmp\vmp_types.h">
      <Filter>vmp</Filter>
    </ClInclude>
    <ClInclude Include="src\vmp\vmp_context.h">
      <Filter>vmp</Filter>
    </ClInclude>
    <ClInclude Include="src\vmp\vmp_dead.h">
      <Filter>vmp</Filter>
    </ClInclude>
    <ClInclude Include="src\vmp\vmp_dump.h">
      <Filter>vmp</Filter>
    </ClInclude>
    <ClInclude Include="src\vmp\vmp_classifier.h">
      <Filter>vmp</Filter>
    </ClInclude>
    <ClInclude Include="src\vmp\vmp_annotate.h">
      <Filter>vmp</Filter>
    </ClInclude>
    <ClInclude Include="src\vmp\vmp_lua.h">
      <Filter>vmp</Filter>
    </ClInclude>

    <ClInclude Include="deps\imgui\imgui.h">
      <Filter>deps\imgui</Filter>
    </ClInclude>
    <ClInclude Include="deps\imgui\imgui_internal.h">
      <Filter>deps\imgui</Filter>
    </ClInclude>
    <ClInclude Include="deps\imgui\imconfig.h">
      <Filter>deps\imgui</Filter>
    </ClInclude>

    <ClInclude Include="deps\imgui\backends\imgui_impl_win32.h">
      <Filter>deps\imgui\backends</Filter>
    </ClInclude>
    <ClInclude Include="deps\imgui\backends\imgui_impl_dx11.h">
      <Filter>deps\imgui\backends</Filter>
    </ClInclude>
  </ItemGroup>

</Project>
